
Microsoft Visual Studio Solution File, Format Version 12.00
# Visual Studio Version 16
VisualStudioVersion = 16.0.31205.134
MinimumVisualStudioVersion = 10.0.40219.1
Project("{FAE04EC0-301F-11D3-BF4B-00C04F79EFBC}") = "FirstConsoleApplitation", "FirstConsoleApplitation\FirstConsoleApplitation.csproj", "{788B533E-22C0-4272-B5C9-581D40E5ED07}"
EndProject
Global
	GlobalSection(SolutionConfigurationPlatforms) = preSolution
		Debug|Any CPU = Debug|Any CPU
		Release|Any CPU = Release|Any CPU
	EndGlobalSection
	GlobalSection(ProjectConfigurationPlatforms) = postSolution
		{788B533E-22C0-4272-B5C9-581D40E5ED07}.Debug|Any CPU.ActiveCfg = Debug|Any CPU
		{788B533E-22C0-4272-B5C9-581D40E5ED07}.Debug|Any CPU.Build.0 = Debug|Any CPU
		{788B533E-22C0-4272-B5C9-581D40E5ED07}.Release|Any CPU.ActiveCfg = Release|Any CPU
		{788B533E-22C0-4272-B5C9-581D40E5ED07}.Release|Any CPU.Build.0 = Release|Any CPU
	EndGlobalSection
	GlobalSection(SolutionProperties) = preSolution
		HideSolutionNode = FALSE
	EndGlobalSection
	GlobalSection(ExtensibilityGlobals) = postSolution
		SolutionGuid = {45EC92AC-70C1-4FCD-A0CC-CCA59E391998}
	EndGlobalSection
EndGlobal
