
Microsoft Visual Studio Solution File, Format Version 12.00
# Visual Studio Version 16
VisualStudioVersion = 16.0.31205.134
MinimumVisualStudioVersion = 10.0.40219.1
Project("{FAE04EC0-301F-11D3-BF4B-00C04F79EFBC}") = "SecondConsoleApplication", "SecondConsoleApplication\SecondConsoleApplication.csproj", "{1788DA5A-6285-40E9-9FE4-7E57667A4D3C}"
EndProject
Global
	GlobalSection(SolutionConfigurationPlatforms) = preSolution
		Debug|Any CPU = Debug|Any CPU
		Release|Any CPU = Release|Any CPU
	EndGlobalSection
	GlobalSection(ProjectConfigurationPlatforms) = postSolution
		{1788DA5A-6285-40E9-9FE4-7E57667A4D3C}.Debug|Any CPU.ActiveCfg = Debug|Any CPU
		{1788DA5A-6285-40E9-9FE4-7E57667A4D3C}.Debug|Any CPU.Build.0 = Debug|Any CPU
		{1788DA5A-6285-40E9-9FE4-7E57667A4D3C}.Release|Any CPU.ActiveCfg = Release|Any CPU
		{1788DA5A-6285-40E9-9FE4-7E57667A4D3C}.Release|Any CPU.Build.0 = Release|Any CPU
	EndGlobalSection
	GlobalSection(SolutionProperties) = preSolution
		HideSolutionNode = FALSE
	EndGlobalSection
	GlobalSection(ExtensibilityGlobals) = postSolution
		SolutionGuid = {DBF5EF5D-C26C-4F23-BCB6-A88C28BE50CC}
	EndGlobalSection
EndGlobal
